<?xml version="1.0" encoding="utf-8"?>
<Project ToolsVersion="4.0" xmlns="http://schemas.microsoft.com/developer/msbuild/2003">
  <ItemGroup>
    <Filter Include="源文件">
      <UniqueIdentifier>{4FC737F1-C7A5-4376-A066-2A32D752A2FF}</UniqueIdentifier>
      <Extensions>cpp;c;cc;cxx;def;odl;idl;hpj;bat;asm;asmx</Extensions>
    </Filter>
    <Filter Include="头文件">
      <UniqueIdentifier>{93995380-89BD-4b04-88EB-625FBE52EBFB}</UniqueIdentifier>
      <Extensions>h;hh;hpp;hxx;hm;inl;inc;xsd</Extensions>
    </Filter>
    <Filter Include="资源文件">
      <UniqueIdentifier>{67DA6AB6-F800-4c08-8B7A-83BB121AAD01}</UniqueIdentifier>
      <Extensions>rc;ico;cur;bmp;dlg;rc2;rct;bin;rgs;gif;jpg;jpeg;jpe;resx;tiff;tif;png;wav;mfcribbon-ms</Extensions>
    </Filter>
    <Filter Include="源文件\程序设计方法与实践">
      <UniqueIdentifier>{262d2ed9-256d-4a2c-b45b-fd2724571f93}</UniqueIdentifier>
    </Filter>
    <Filter Include="源文件\程序设计方法与实践\题目">
      <UniqueIdentifier>{e56b7ebe-1060-4250-9dbe-1956b7d978eb}</UniqueIdentifier>
    </Filter>
    <Filter Include="源文件\程序设计方法与实践\测试">
      <UniqueIdentifier>{4664109d-a1ee-4be8-8eef-0a3209e3d2f8}</UniqueIdentifier>
    </Filter>
    <Filter Include="源文件\数据结构">
      <UniqueIdentifier>{6c881a68-7543-436f-ab86-56dcd908d0cd}</UniqueIdentifier>
    </Filter>
    <Filter Include="源文件\算法">
      <UniqueIdentifier>{a318eb2b-06cf-481f-bafe-0ddd47256931}</UniqueIdentifier>
    </Filter>
    <Filter Include="源文件\算法\线段树">
      <UniqueIdentifier>{cdf3c7a2-76c9-45f8-b698-774921d5f735}</UniqueIdentifier>
    </Filter>
    <Filter Include="源文件\算法\贪心">
      <UniqueIdentifier>{459339d1-2781-4dab-b30d-3fc2c2f86bd4}</UniqueIdentifier>
    </Filter>
    <Filter Include="源文件\算法设计与分析">
      <UniqueIdentifier>{4d424809-c72d-4d59-a390-8cdcf694148c}</UniqueIdentifier>
    </Filter>
    <Filter Include="源文件\面向对象程序设计">
      <UniqueIdentifier>{fed03ae2-9e3b-4e6c-af98-c6821910ea69}</UniqueIdentifier>
    </Filter>
    <Filter Include="源文件\操作系统">
      <UniqueIdentifier>{c33b8069-354b-4be7-b1e9-1b8e04b0843c}</UniqueIdentifier>
    </Filter>
    <Filter Include="源文件\概率问题">
      <UniqueIdentifier>{f7762c2d-8187-4fde-894c-58da859ec8f8}</UniqueIdentifier>
    </Filter>
    <Filter Include="源文件\其他">
      <UniqueIdentifier>{86b79025-ad07-4b20-8818-529fbb44d0c6}</UniqueIdentifier>
    </Filter>
  </ItemGroup>
  <ItemGroup>
    <ClCompile Include="田忌赛马.cpp">
      <Filter>源文件\算法\贪心</Filter>
    </ClCompile>
    <ClCompile Include="1.不高兴的津津.cpp">
      <Filter>源文件\程序设计方法与实践\题目</Filter>
    </ClCompile>
    <ClCompile Include="2.猴子分桃.cpp">
      <Filter>源文件\程序设计方法与实践\题目</Filter>
    </ClCompile>
    <ClCompile Include="3.Where%27s Waldorf.cpp">
      <Filter>源文件\程序设计方法与实践\题目</Filter>
    </ClCompile>
    <ClCompile Include="4.Stacks of Flapjacks.cpp">
      <Filter>源文件\程序设计方法与实践\题目</Filter>
    </ClCompile>
    <ClCompile Include="5.定情信物.cpp">
      <Filter>源文件\程序设计方法与实践\题目</Filter>
    </ClCompile>
    <ClCompile Include="6.良乡足球场.cpp">
      <Filter>源文件\程序设计方法与实践\题目</Filter>
    </ClCompile>
    <ClCompile Include="7.郭老师家的果园.cpp">
      <Filter>源文件\程序设计方法与实践\题目</Filter>
    </ClCompile>
    <ClCompile Include="8.计算器PLUS.cpp">
      <Filter>源文件\程序设计方法与实践\题目</Filter>
    </ClCompile>
    <ClCompile Include="9.同构词分组.cpp">
      <Filter>源文件\程序设计方法与实践\题目</Filter>
    </ClCompile>
    <ClCompile Include="10.消息加密.cpp">
      <Filter>源文件\程序设计方法与实践\题目</Filter>
    </ClCompile>
    <ClCompile Include="test1 qsort.cpp">
      <Filter>源文件\程序设计方法与实践\测试</Filter>
    </ClCompile>
    <ClCompile Include="test2 new bug.cpp">
      <Filter>源文件\程序设计方法与实践\测试</Filter>
    </ClCompile>
    <ClCompile Include="test3 class.cpp">
      <Filter>源文件\程序设计方法与实践\测试</Filter>
    </ClCompile>
    <ClCompile Include="test4 字典序.cpp">
      <Filter>源文件\程序设计方法与实践\测试</Filter>
    </ClCompile>
    <ClCompile Include="11.千字文.cpp">
      <Filter>源文件\程序设计方法与实践\题目</Filter>
    </ClCompile>
    <ClCompile Include="test5 Unicode字符.cpp">
      <Filter>源文件\程序设计方法与实践\测试</Filter>
    </ClCompile>
    <ClCompile Include="12.正则表达式.cpp">
      <Filter>源文件\程序设计方法与实践\题目</Filter>
    </ClCompile>
    <ClCompile Include="test6 time.cpp">
      <Filter>源文件\程序设计方法与实践\测试</Filter>
    </ClCompile>
    <ClCompile Include="16.高速收费站.cpp">
      <Filter>源文件\程序设计方法与实践\题目</Filter>
    </ClCompile>
    <ClCompile Include="15.数字游戏.cpp">
      <Filter>源文件\程序设计方法与实践\题目</Filter>
    </ClCompile>
    <ClCompile Include="13.压缩文本.cpp">
      <Filter>源文件\程序设计方法与实践\题目</Filter>
    </ClCompile>
    <ClCompile Include="14.逻辑行计数.cpp">
      <Filter>源文件\程序设计方法与实践\题目</Filter>
    </ClCompile>
    <ClCompile Include="17.良乡食堂.cpp">
      <Filter>源文件\程序设计方法与实践\题目</Filter>
    </ClCompile>
    <ClCompile Include="18.吃货.cpp">
      <Filter>源文件\程序设计方法与实践\题目</Filter>
    </ClCompile>
    <ClCompile Include="test7 链表.cpp">
      <Filter>源文件\程序设计方法与实践\测试</Filter>
    </ClCompile>
    <ClCompile Include="test8 吃内存.cpp">
      <Filter>源文件\程序设计方法与实践\测试</Filter>
    </ClCompile>
    <ClCompile Include="test9 开数组.cpp">
      <Filter>源文件\程序设计方法与实践\测试</Filter>
    </ClCompile>
    <ClCompile Include="test10 类.cpp">
      <Filter>源文件\程序设计方法与实践\测试</Filter>
    </ClCompile>
    <ClCompile Include="test11 double测试.cpp">
      <Filter>源文件\程序设计方法与实践\测试</Filter>
    </ClCompile>
    <ClCompile Include="推理.cpp">
      <Filter>源文件\算法\线段树</Filter>
    </ClCompile>
    <ClCompile Include="31.括号序列.cpp">
      <Filter>源文件\程序设计方法与实践\题目</Filter>
    </ClCompile>
    <ClCompile Include="32.穿越矩阵.cpp">
      <Filter>源文件\程序设计方法与实践\题目</Filter>
    </ClCompile>
    <ClCompile Include="19.编程排名.cpp">
      <Filter>源文件\程序设计方法与实践\题目</Filter>
    </ClCompile>
    <ClCompile Include="20.电话号码.cpp">
      <Filter>源文件\程序设计方法与实践\题目</Filter>
    </ClCompile>
    <ClCompile Include="21.吃货续.cpp">
      <Filter>源文件\程序设计方法与实践\题目</Filter>
    </ClCompile>
    <ClCompile Include="22.序列划分.cpp">
      <Filter>源文件\程序设计方法与实践\题目</Filter>
    </ClCompile>
    <ClCompile Include="23.单词接龙.cpp">
      <Filter>源文件\程序设计方法与实践\题目</Filter>
    </ClCompile>
    <ClCompile Include="24.走迷宫.cpp">
      <Filter>源文件\程序设计方法与实践\题目</Filter>
    </ClCompile>
    <ClCompile Include="25.赶飞机.cpp">
      <Filter>源文件\程序设计方法与实践\题目</Filter>
    </ClCompile>
    <ClCompile Include="26.贪婪的你.cpp">
      <Filter>源文件\程序设计方法与实践\题目</Filter>
    </ClCompile>
    <ClCompile Include="27.吃披萨.cpp">
      <Filter>源文件\程序设计方法与实践\题目</Filter>
    </ClCompile>
    <ClCompile Include="28.退治大赛.cpp">
      <Filter>源文件\程序设计方法与实践\题目</Filter>
    </ClCompile>
    <ClCompile Include="29.邮件解密.cpp">
      <Filter>源文件\程序设计方法与实践\题目</Filter>
    </ClCompile>
    <ClCompile Include="30.序列划分.cpp">
      <Filter>源文件\程序设计方法与实践\题目</Filter>
    </ClCompile>
    <ClCompile Include="35.双塔问题.cpp">
      <Filter>源文件\程序设计方法与实践\题目</Filter>
    </ClCompile>
    <ClCompile Include="36.北理工美女.cpp">
      <Filter>源文件\程序设计方法与实践\题目</Filter>
    </ClCompile>
    <ClCompile Include="33.Treats for the Cows.cpp">
      <Filter>源文件\程序设计方法与实践\题目</Filter>
    </ClCompile>
    <ClCompile Include="34.Little Bishops.cpp">
      <Filter>源文件\程序设计方法与实践\题目</Filter>
    </ClCompile>
    <ClCompile Include="test12 C.cpp">
      <Filter>源文件\程序设计方法与实践\测试</Filter>
    </ClCompile>
    <ClCompile Include="test13 bfs.cpp">
      <Filter>源文件\程序设计方法与实践\测试</Filter>
    </ClCompile>
    <ClCompile Include="5. 游戏2048.cpp">
      <Filter>源文件\数据结构</Filter>
    </ClCompile>
    <ClCompile Include="6. 矩阵的快速转置算法.cpp">
      <Filter>源文件\数据结构</Filter>
    </ClCompile>
    <ClCompile Include="7. 稀疏矩阵的乘法运算.cpp">
      <Filter>源文件\数据结构</Filter>
    </ClCompile>
    <ClCompile Include="GLIST.h">
      <Filter>头文件</Filter>
    </ClCompile>
    <ClCompile Include="8. 广义表的建立与基本操作.cpp">
      <Filter>源文件\数据结构</Filter>
    </ClCompile>
    <ClCompile Include="9. 树的建立与基本操作.cpp">
      <Filter>源文件\数据结构</Filter>
    </ClCompile>
    <ClCompile Include="10. 计算WPL.cpp">
      <Filter>源文件\数据结构</Filter>
    </ClCompile>
    <ClCompile Include="11. 前缀码判定.cpp">
      <Filter>源文件\数据结构</Filter>
    </ClCompile>
    <ClCompile Include="12. 图的广度优先遍历.cpp">
      <Filter>源文件\数据结构</Filter>
    </ClCompile>
    <ClCompile Include="13. 连连看游戏辅助.cpp">
      <Filter>源文件\数据结构</Filter>
    </ClCompile>
    <ClCompile Include="1. 约瑟夫问题.cpp">
      <Filter>源文件\数据结构</Filter>
    </ClCompile>
    <ClCompile Include="2. 一元多项式相乘.cpp">
      <Filter>源文件\数据结构</Filter>
    </ClCompile>
    <ClCompile Include="3. 括号匹配.cpp">
      <Filter>源文件\数据结构</Filter>
    </ClCompile>
    <ClCompile Include="4. 从中缀向后缀转换表达式.cpp">
      <Filter>源文件\数据结构</Filter>
    </ClCompile>
    <ClCompile Include="14. 计算工程完成的关键路径.cpp">
      <Filter>源文件\数据结构</Filter>
    </ClCompile>
    <ClCompile Include="15. 无向图的各连通分支.cpp">
      <Filter>源文件\数据结构</Filter>
    </ClCompile>
    <ClCompile Include="16. 求两点之间的最短路径.cpp">
      <Filter>源文件\数据结构</Filter>
    </ClCompile>
    <ClCompile Include="17. 排序二叉树.cpp">
      <Filter>源文件\数据结构</Filter>
    </ClCompile>
    <ClCompile Include="18. 平衡二叉树.cpp">
      <Filter>源文件\数据结构</Filter>
    </ClCompile>
    <ClCompile Include="19. 快速排序.cpp">
      <Filter>源文件\数据结构</Filter>
    </ClCompile>
    <ClCompile Include="20. 堆排序.cpp">
      <Filter>源文件\数据结构</Filter>
    </ClCompile>
    <ClCompile Include="1.套圈.cpp">
      <Filter>源文件\算法设计与分析</Filter>
    </ClCompile>
    <ClCompile Include="2.DP或贪心.cpp">
      <Filter>源文件\算法设计与分析</Filter>
    </ClCompile>
    <ClCompile Include="3.DP.cpp">
      <Filter>源文件\算法设计与分析</Filter>
    </ClCompile>
    <ClCompile Include="4.整除15问题.cpp">
      <Filter>源文件\算法设计与分析</Filter>
    </ClCompile>
    <ClCompile Include="8.餐厅.cpp">
      <Filter>源文件\算法设计与分析</Filter>
    </ClCompile>
    <ClCompile Include="DLX.cpp">
      <Filter>源文件\算法</Filter>
    </ClCompile>
    <ClCompile Include="6.符号三角形问题.cpp">
      <Filter>源文件\算法设计与分析</Filter>
    </ClCompile>
    <ClCompile Include="5.快算24.cpp">
      <Filter>源文件\算法设计与分析</Filter>
    </ClCompile>
    <ClCompile Include="7.木板墙.cpp">
      <Filter>源文件\算法设计与分析</Filter>
    </ClCompile>
    <ClCompile Include="10.家谱.cpp">
      <Filter>源文件\算法设计与分析</Filter>
    </ClCompile>
    <ClCompile Include="9.任务分配问题.cpp">
      <Filter>源文件\算法设计与分析</Filter>
    </ClCompile>
    <ClCompile Include="源.cpp">
      <Filter>源文件\面向对象程序设计</Filter>
    </ClCompile>
    <ClCompile Include="源1.cpp">
      <Filter>源文件\面向对象程序设计</Filter>
    </ClCompile>
    <ClCompile Include="源2.cpp">
      <Filter>源文件\面向对象程序设计</Filter>
    </ClCompile>
    <ClCompile Include="源3.cpp">
      <Filter>源文件\面向对象程序设计</Filter>
    </ClCompile>
    <ClCompile Include="源4.cpp">
      <Filter>源文件\面向对象程序设计</Filter>
    </ClCompile>
    <ClCompile Include="源5.cpp">
      <Filter>源文件\面向对象程序设计</Filter>
    </ClCompile>
    <ClCompile Include="源6.cpp">
      <Filter>源文件\面向对象程序设计</Filter>
    </ClCompile>
    <ClCompile Include="test14 读取速度.cpp">
      <Filter>源文件\程序设计方法与实践\测试</Filter>
    </ClCompile>
    <ClCompile Include="test15 匿名函数.cpp">
      <Filter>源文件\程序设计方法与实践\测试</Filter>
    </ClCompile>
    <ClCompile Include="实验一 实现单处理机下的进程调度程序.cpp">
      <Filter>源文件\操作系统</Filter>
    </ClCompile>
    <ClCompile Include="test16 输出控制.cpp">
      <Filter>源文件\程序设计方法与实践\测试</Filter>
    </ClCompile>
    <ClCompile Include="实验二 实现动态分区分配模拟程序.cpp">
      <Filter>源文件\操作系统</Filter>
    </ClCompile>
    <ClCompile Include="实验一 样例.cpp">
      <Filter>源文件\操作系统</Filter>
    </ClCompile>
    <ClCompile Include="实验三 实现请求页式存储管理模拟程序.cpp">
      <Filter>源文件\操作系统</Filter>
    </ClCompile>
    <ClCompile Include="ARKNIGHTS.cpp">
      <Filter>源文件\概率问题</Filter>
    </ClCompile>
  </ItemGroup>
  <ItemGroup>
    <ClInclude Include="LINKLIST.h">
      <Filter>头文件</Filter>
    </ClInclude>
    <ClInclude Include="QSORT.h">
      <Filter>头文件</Filter>
    </ClInclude>
    <ClInclude Include="RANDOM.h">
      <Filter>头文件</Filter>
    </ClInclude>
  </ItemGroup>
</Project>